
Microsoft Visual Studio Solution File, Format Version 12.00
# Visual Studio Version 16
VisualStudioVersion = 16.0.30621.155
MinimumVisualStudioVersion = 10.0.40219.1
Project("{FAE04EC0-301F-11D3-BF4B-00C04F79EFBC}") = "RandoCharacter", "RandoCharacter\RandoCharacter.csproj", "{D40AD8D9-1DFD-495A-A9C9-4E7F1886FC01}"
EndProject
Global
	GlobalSection(SolutionConfigurationPlatforms) = preSolution
		Debug|Any CPU = Debug|Any CPU
		Release|Any CPU = Release|Any CPU
	EndGlobalSection
	GlobalSection(ProjectConfigurationPlatforms) = postSolution
		{D40AD8D9-1DFD-495A-A9C9-4E7F1886FC01}.Debug|Any CPU.ActiveCfg = Debug|Any CPU
		{D40AD8D9-1DFD-495A-A9C9-4E7F1886FC01}.Debug|Any CPU.Build.0 = Debug|Any CPU
		{D40AD8D9-1DFD-495A-A9C9-4E7F1886FC01}.Release|Any CPU.ActiveCfg = Release|Any CPU
		{D40AD8D9-1DFD-495A-A9C9-4E7F1886FC01}.Release|Any CPU.Build.0 = Release|Any CPU
	EndGlobalSection
	GlobalSection(SolutionProperties) = preSolution
		HideSolutionNode = FALSE
	EndGlobalSection
	GlobalSection(ExtensibilityGlobals) = postSolution
		SolutionGuid = {0A34B78B-E908-48BB-A42F-19064ADF5B8D}
	EndGlobalSection
EndGlobal
